
Microsoft Visual Studio Solution File, Format Version 12.00
# Visual Studio Version 16
VisualStudioVersion = 16.0.30611.23
MinimumVisualStudioVersion = 10.0.40219.1
Project("{2150E333-8FDC-42A3-9474-1A3956D46DE8}") = "1-Web", "1-Web", "{7FCF8DC1-4543-4589-B86D-B7EABB8C752F}"
EndProject
Project("{2150E333-8FDC-42A3-9474-1A3956D46DE8}") = "2-Api", "2-Api", "{5F8E64D0-AE4E-4A2D-AD93-78729F3A0994}"
EndProject
Project("{2150E333-8FDC-42A3-9474-1A3956D46DE8}") = "3-Service", "3-Service", "{58E702A5-545B-44D2-81C3-9B1782623355}"
EndProject
Project("{9A19103F-16F7-4668-BE54-9A1E7A4F7556}") = "Api", "Api\Api.csproj", "{96F2079C-7565-40D1-925E-84AC454EA19D}"
EndProject
Project("{9A19103F-16F7-4668-BE54-9A1E7A4F7556}") = "Domain", "Domain\Domain.csproj", "{687B58AE-6B23-4B83-8D2E-80515DA81958}"
EndProject
Project("{9A19103F-16F7-4668-BE54-9A1E7A4F7556}") = "Infra", "Infra\Infra.csproj", "{9A281DC6-4AA8-4173-9484-989E5293419D}"
EndProject
Project("{9A19103F-16F7-4668-BE54-9A1E7A4F7556}") = "Service", "Service\Service.csproj", "{D985FCDF-CC8C-4017-B361-4229D0831271}"
EndProject
Project("{9A19103F-16F7-4668-BE54-9A1E7A4F7556}") = "Web", "Web\Web.csproj", "{373360B8-7178-4856-956F-C24446D49612}"
EndProject
Project("{2150E333-8FDC-42A3-9474-1A3956D46DE8}") = "4-Domain", "4-Domain", "{6CE73825-A13A-4BF8-A161-F21AD0EEC6A0}"
EndProject
Project("{2150E333-8FDC-42A3-9474-1A3956D46DE8}") = "5-Infra", "5-Infra", "{FBA9B01A-B53A-4C7E-9EC9-1DD713FC027E}"
EndProject
Global
	GlobalSection(SolutionConfigurationPlatforms) = preSolution
		Debug|Any CPU = Debug|Any CPU
		Release|Any CPU = Release|Any CPU
	EndGlobalSection
	GlobalSection(ProjectConfigurationPlatforms) = postSolution
		{96F2079C-7565-40D1-925E-84AC454EA19D}.Debug|Any CPU.ActiveCfg = Debug|Any CPU
		{96F2079C-7565-40D1-925E-84AC454EA19D}.Debug|Any CPU.Build.0 = Debug|Any CPU
		{96F2079C-7565-40D1-925E-84AC454EA19D}.Release|Any CPU.ActiveCfg = Release|Any CPU
		{96F2079C-7565-40D1-925E-84AC454EA19D}.Release|Any CPU.Build.0 = Release|Any CPU
		{687B58AE-6B23-4B83-8D2E-80515DA81958}.Debug|Any CPU.ActiveCfg = Debug|Any CPU
		{687B58AE-6B23-4B83-8D2E-80515DA81958}.Debug|Any CPU.Build.0 = Debug|Any CPU
		{687B58AE-6B23-4B83-8D2E-80515DA81958}.Release|Any CPU.ActiveCfg = Release|Any CPU
		{687B58AE-6B23-4B83-8D2E-80515DA81958}.Release|Any CPU.Build.0 = Release|Any CPU
		{9A281DC6-4AA8-4173-9484-989E5293419D}.Debug|Any CPU.ActiveCfg = Debug|Any CPU
		{9A281DC6-4AA8-4173-9484-989E5293419D}.Debug|Any CPU.Build.0 = Debug|Any CPU
		{9A281DC6-4AA8-4173-9484-989E5293419D}.Release|Any CPU.ActiveCfg = Release|Any CPU
		{9A281DC6-4AA8-4173-9484-989E5293419D}.Release|Any CPU.Build.0 = Release|Any CPU
		{D985FCDF-CC8C-4017-B361-4229D0831271}.Debug|Any CPU.ActiveCfg = Debug|Any CPU
		{D985FCDF-CC8C-4017-B361-4229D0831271}.Debug|Any CPU.Build.0 = Debug|Any CPU
		{D985FCDF-CC8C-4017-B361-4229D0831271}.Release|Any CPU.ActiveCfg = Release|Any CPU
		{D985FCDF-CC8C-4017-B361-4229D0831271}.Release|Any CPU.Build.0 = Release|Any CPU
		{373360B8-7178-4856-956F-C24446D49612}.Debug|Any CPU.ActiveCfg = Debug|Any CPU
		{373360B8-7178-4856-956F-C24446D49612}.Debug|Any CPU.Build.0 = Debug|Any CPU
		{373360B8-7178-4856-956F-C24446D49612}.Release|Any CPU.ActiveCfg = Release|Any CPU
		{373360B8-7178-4856-956F-C24446D49612}.Release|Any CPU.Build.0 = Release|Any CPU
	EndGlobalSection
	GlobalSection(SolutionProperties) = preSolution
		HideSolutionNode = FALSE
	EndGlobalSection
	GlobalSection(NestedProjects) = preSolution
		{96F2079C-7565-40D1-925E-84AC454EA19D} = {5F8E64D0-AE4E-4A2D-AD93-78729F3A0994}
		{687B58AE-6B23-4B83-8D2E-80515DA81958} = {6CE73825-A13A-4BF8-A161-F21AD0EEC6A0}
		{9A281DC6-4AA8-4173-9484-989E5293419D} = {FBA9B01A-B53A-4C7E-9EC9-1DD713FC027E}
		{D985FCDF-CC8C-4017-B361-4229D0831271} = {58E702A5-545B-44D2-81C3-9B1782623355}
		{373360B8-7178-4856-956F-C24446D49612} = {7FCF8DC1-4543-4589-B86D-B7EABB8C752F}
	EndGlobalSection
	GlobalSection(ExtensibilityGlobals) = postSolution
		SolutionGuid = {BDB6D040-ADC8-4D9E-A054-F34FEE73DA68}
	EndGlobalSection
EndGlobal
